// !$*UTF8*$!
{
	archiveVersion = 1;
	classes = {
	};
	objectVersion = 55;
	objects = {

/* Begin PBXBuildFile section */
		AE24AA6A2AD77C890059D43A /* main.cpp in Sources */ = {isa = PBXBuildFile; fileRef = AE24AA692AD77C890059D43A /* main.cpp */; };
		AE3F15BD2AD7934600888E8A /* libftxui-component.a in Frameworks */ = {isa = PBXBuildFile; fileRef = AE3F15BA2AD7934600888E8A /* libftxui-component.a */; };
		AE3F15BE2AD7934600888E8A /* libftxui-dom.a in Frameworks */ = {isa = PBXBuildFile; fileRef = AE3F15BB2AD7934600888E8A /* libftxui-dom.a */; };
		AE3F15BF2AD7934600888E8A /* libftxui-screen.a in Frameworks */ = {isa = PBXBuildFile; fileRef = AE3F15BC2AD7934600888E8A /* libftxui-screen.a */; };
/* End PBXBuildFile section */

/* Begin PBXCopyFilesBuildPhase section */
		AE24AA642AD77C890059D43A /* CopyFiles */ = {
			isa = PBXCopyFilesBuildPhase;
			buildActionMask = 2147483647;
			dstPath = /usr/share/man/man1/;
			dstSubfolderSpec = 0;
			files = (
			);
			runOnlyForDeploymentPostprocessing = 1;
		};
/* End PBXCopyFilesBuildPhase section */

/* Begin PBXFileReference section */
		AE24AA662AD77C890059D43A /* CommanderChris */ = {isa = PBXFileReference; explicitFileType = "compiled.mach-o.executable"; includeInIndex = 0; path = CommanderChris; sourceTree = BUILT_PRODUCTS_DIR; };
		AE24AA692AD77C890059D43A /* main.cpp */ = {isa = PBXFileReference; lastKnownFileType = sourcecode.cpp.cpp; path = main.cpp; sourceTree = "<group>"; };
		AE3F15BA2AD7934600888E8A /* libftxui-component.a */ = {isa = PBXFileReference; lastKnownFileType = archive.ar; name = "libftxui-component.a"; path = "../playground/FTXUI/build/libftxui-component.a"; sourceTree = "<group>"; };
		AE3F15BB2AD7934600888E8A /* libftxui-dom.a */ = {isa = PBXFileReference; lastKnownFileType = archive.ar; name = "libftxui-dom.a"; path = "../playground/FTXUI/build/libftxui-dom.a"; sourceTree = "<group>"; };
		AE3F15BC2AD7934600888E8A /* libftxui-screen.a */ = {isa = PBXFileReference; lastKnownFileType = archive.ar; name = "libftxui-screen.a"; path = "../playground/FTXUI/build/libftxui-screen.a"; sourceTree = "<group>"; };
/* End PBXFileReference section */

/* Begin PBXFrameworksBuildPhase section */
		AE24AA632AD77C890059D43A /* Frameworks */ = {
			isa = PBXFrameworksBuildPhase;
			buildActionMask = 2147483647;
			files = (
				AE3F15BD2AD7934600888E8A /* libftxui-component.a in Frameworks */,
				AE3F15BE2AD7934600888E8A /* libftxui-dom.a in Frameworks */,
				AE3F15BF2AD7934600888E8A /* libftxui-screen.a in Frameworks */,
			);
			runOnlyForDeploymentPostprocessing = 0;
		};
/* End PBXFrameworksBuildPhase section */

/* Begin PBXGroup section */
		AE24AA5D2AD77C890059D43A = {
			isa = PBXGroup;
			children = (
				AE24AA682AD77C890059D43A /* CommanderChris */,
				AE24AA672AD77C890059D43A /* Products */,
				AE3F15B92AD7934600888E8A /* Frameworks */,
			);
			sourceTree = "<group>";
		};
		AE24AA672AD77C890059D43A /* Products */ = {
			isa = PBXGroup;
			children = (
				AE24AA662AD77C890059D43A /* CommanderChris */,
			);
			name = Products;
			sourceTree = "<group>";
		};
		AE24AA682AD77C890059D43A /* CommanderChris */ = {
			isa = PBXGroup;
			children = (
				AE24AA692AD77C890059D43A /* main.cpp */,
			);
			path = CommanderChris;
			sourceTree = "<group>";
		};
		AE3F15B92AD7934600888E8A /* Frameworks */ = {
			isa = PBXGroup;
			children = (
				AE3F15BA2AD7934600888E8A /* libftxui-component.a */,
				AE3F15BB2AD7934600888E8A /* libftxui-dom.a */,
				AE3F15BC2AD7934600888E8A /* libftxui-screen.a */,
			);
			name = Frameworks;
			sourceTree = "<group>";
		};
/* End PBXGroup section */

/* Begin PBXNativeTarget section */
		AE24AA652AD77C890059D43A /* CommanderChris */ = {
			isa = PBXNativeTarget;
			buildConfigurationList = AE24AA6D2AD77C890059D43A /* Build configuration list for PBXNativeTarget "CommanderChris" */;
			buildPhases = (
				AE24AA622AD77C890059D43A /* Sources */,
				AE24AA632AD77C890059D43A /* Frameworks */,
				AE24AA642AD77C890059D43A /* CopyFiles */,
			);
			buildRules = (
			);
			dependencies = (
			);
			name = CommanderChris;
			productName = CommanderChris;
			productReference = AE24AA662AD77C890059D43A /* CommanderChris */;
			productType = "com.apple.product-type.tool";
		};
/* End PBXNativeTarget section */

/* Begin PBXProject section */
		AE24AA5E2AD77C890059D43A /* Project object */ = {
			isa = PBXProject;
			attributes = {
				BuildIndependentTargetsInParallel = 1;
				LastUpgradeCheck = 1430;
				TargetAttributes = {
					AE24AA652AD77C890059D43A = {
						CreatedOnToolsVersion = 14.3.1;
					};
				};
			};
			buildConfigurationList = AE24AA612AD77C890059D43A /* Build configuration list for PBXProject "CommanderChris" */;
			compatibilityVersion = "Xcode 13.0";
			developmentRegion = en;
			hasScannedForEncodings = 0;
			knownRegions = (
				en,
				Base,
			);
			mainGroup = AE24AA5D2AD77C890059D43A;
			productRefGroup = AE24AA672AD77C890059D43A /* Products */;
			projectDirPath = "";
			projectRoot = "";
			targets = (
				AE24AA652AD77C890059D43A /* CommanderChris */,
			);
		};
/* End PBXProject section */

/* Begin PBXSourcesBuildPhase section */
		AE24AA622AD77C890059D43A /* Sources */ = {
			isa = PBXSourcesBuildPhase;
			buildActionMask = 2147483647;
			files = (
				AE24AA6A2AD77C890059D43A /* main.cpp in Sources */,
			);
			runOnlyForDeploymentPostprocessing = 0;
		};
/* End PBXSourcesBuildPhase section */

/* Begin XCBuildConfiguration section */
		AE24AA6B2AD77C890059D43A /* Debug */ = {
			isa = XCBuildConfiguration;
			buildSettings = {
				ALWAYS_SEARCH_USER_PATHS = NO;
				CLANG_ANALYZER_NONNULL = YES;
				CLANG_ANALYZER_NUMBER_OBJECT_CONVERSION = YES_AGGRESSIVE;
				CLANG_CXX_LANGUAGE_STANDARD = "gnu++20";
				CLANG_ENABLE_MODULES = YES;
				CLANG_ENABLE_OBJC_ARC = YES;
				CLANG_ENABLE_OBJC_WEAK = YES;
				CLANG_WARN_BLOCK_CAPTURE_AUTORELEASING = YES;
				CLANG_WARN_BOOL_CONVERSION = YES;
				CLANG_WARN_COMMA = YES;
				CLANG_WARN_CONSTANT_CONVERSION = YES;
				CLANG_WARN_DEPRECATED_OBJC_IMPLEMENTATIONS = YES;
				CLANG_WARN_DIRECT_OBJC_ISA_USAGE = YES_ERROR;
				CLANG_WARN_DOCUMENTATION_COMMENTS = YES;
				CLANG_WARN_EMPTY_BODY = YES;
				CLANG_WARN_ENUM_CONVERSION = YES;
				CLANG_WARN_INFINITE_RECURSION = YES;
				CLANG_WARN_INT_CONVERSION = YES;
				CLANG_WARN_NON_LITERAL_NULL_CONVERSION = YES;
				CLANG_WARN_OBJC_IMPLICIT_RETAIN_SELF = YES;
				CLANG_WARN_OBJC_LITERAL_CONVERSION = YES;
				CLANG_WARN_OBJC_ROOT_CLASS = YES_ERROR;
				CLANG_WARN_QUOTED_INCLUDE_IN_FRAMEWORK_HEADER = YES;
				CLANG_WARN_RANGE_LOOP_ANALYSIS = YES;
				CLANG_WARN_STRICT_PROTOTYPES = YES;
				CLANG_WARN_SUSPICIOUS_MOVE = YES;
				CLANG_WARN_UNGUARDED_AVAILABILITY = YES_AGGRESSIVE;
				CLANG_WARN_UNREACHABLE_CODE = YES;
				CLANG_WARN__DUPLICATE_METHOD_MATCH = YES;
				COPY_PHASE_STRIP = NO;
				DEAD_CODE_STRIPPING = YES;
				DEBUG_INFORMATION_FORMAT = dwarf;
				EAGER_LINKING = YES;
				ENABLE_STRICT_OBJC_MSGSEND = YES;
				ENABLE_TESTABILITY = YES;
				FUSE_BUILD_SCRIPT_PHASES = YES;
				GCC_C_LANGUAGE_STANDARD = gnu11;
				GCC_DYNAMIC_NO_PIC = NO;
				GCC_NO_COMMON_BLOCKS = YES;
				GCC_OPTIMIZATION_LEVEL = 0;
				GCC_PREPROCESSOR_DEFINITIONS = (
					"DEBUG=1",
					"$(inherited)",
				);
				GCC_WARN_64_TO_32_BIT_CONVERSION = YES;
				GCC_WARN_ABOUT_RETURN_TYPE = YES_ERROR;
				GCC_WARN_UNDECLARED_SELECTOR = YES;
				GCC_WARN_UNINITIALIZED_AUTOS = YES_AGGRESSIVE;
				GCC_WARN_UNUSED_FUNCTION = YES;
				GCC_WARN_UNUSED_VARIABLE = YES;
				HEADER_SEARCH_PATHS = "/Users/markorenic/School/3B/se390/playground/FTXUI/include/**";
				LIBRARY_SEARCH_PATHS = "/Users/markorenic/School/3B/se390/playground/FTXUI/build/**";
				MACOSX_DEPLOYMENT_TARGET = 13.3;
				MTL_ENABLE_DEBUG_INFO = INCLUDE_SOURCE;
				MTL_FAST_MATH = YES;
				ONLY_ACTIVE_ARCH = YES;
				SCAN_ALL_SOURCE_FILES_FOR_INCLUDES = YES;
				SDKROOT = macosx;
			};
			name = Debug;
		};
		AE24AA6C2AD77C890059D43A /* Release */ = {
			isa = XCBuildConfiguration;
			buildSettings = {
				ALWAYS_SEARCH_USER_PATHS = NO;
				CLANG_ANALYZER_NONNULL = YES;
				CLANG_ANALYZER_NUMBER_OBJECT_CONVERSION = YES_AGGRESSIVE;
				CLANG_CXX_LANGUAGE_STANDARD = "gnu++20";
				CLANG_ENABLE_MODULES = YES;
				CLANG_ENABLE_OBJC_ARC = YES;
				CLANG_ENABLE_OBJC_WEAK = YES;
				CLANG_WARN_BLOCK_CAPTURE_AUTORELEASING = YES;
				CLANG_WARN_BOOL_CONVERSION = YES;
				CLANG_WARN_COMMA = YES;
				CLANG_WARN_CONSTANT_CONVERSION = YES;
				CLANG_WARN_DEPRECATED_OBJC_IMPLEMENTATIONS = YES;
				CLANG_WARN_DIRECT_OBJC_ISA_USAGE = YES_ERROR;
				CLANG_WARN_DOCUMENTATION_COMMENTS = YES;
				CLANG_WARN_EMPTY_BODY = YES;
				CLANG_WARN_ENUM_CONVERSION = YES;
				CLANG_WARN_INFINITE_RECURSION = YES;
				CLANG_WARN_INT_CONVERSION = YES;
				CLANG_WARN_NON_LITERAL_NULL_CONVERSION = YES;
				CLANG_WARN_OBJC_IMPLICIT_RETAIN_SELF = YES;
				CLANG_WARN_OBJC_LITERAL_CONVERSION = YES;
				CLANG_WARN_OBJC_ROOT_CLASS = YES_ERROR;
				CLANG_WARN_QUOTED_INCLUDE_IN_FRAMEWORK_HEADER = YES;
				CLANG_WARN_RANGE_LOOP_ANALYSIS = YES;
				CLANG_WARN_STRICT_PROTOTYPES = YES;
				CLANG_WARN_SUSPICIOUS_MOVE = YES;
				CLANG_WARN_UNGUARDED_AVAILABILITY = YES_AGGRESSIVE;
				CLANG_WARN_UNREACHABLE_CODE = YES;
				CLANG_WARN__DUPLICATE_METHOD_MATCH = YES;
				COPY_PHASE_STRIP = NO;
				DEAD_CODE_STRIPPING = YES;
				DEBUG_INFORMATION_FORMAT = "dwarf-with-dsym";
				EAGER_LINKING = YES;
				ENABLE_NS_ASSERTIONS = NO;
				ENABLE_STRICT_OBJC_MSGSEND = YES;
				FUSE_BUILD_SCRIPT_PHASES = YES;
				GCC_C_LANGUAGE_STANDARD = gnu11;
				GCC_NO_COMMON_BLOCKS = YES;
				GCC_WARN_64_TO_32_BIT_CONVERSION = YES;
				GCC_WARN_ABOUT_RETURN_TYPE = YES_ERROR;
				GCC_WARN_UNDECLARED_SELECTOR = YES;
				GCC_WARN_UNINITIALIZED_AUTOS = YES_AGGRESSIVE;
				GCC_WARN_UNUSED_FUNCTION = YES;
				GCC_WARN_UNUSED_VARIABLE = YES;
				HEADER_SEARCH_PATHS = "/Users/markorenic/School/3B/se390/playground/FTXUI/include/**";
				LIBRARY_SEARCH_PATHS = "/Users/markorenic/School/3B/se390/playground/FTXUI/build/**";
				MACOSX_DEPLOYMENT_TARGET = 13.3;
				MTL_ENABLE_DEBUG_INFO = NO;
				MTL_FAST_MATH = YES;
				SCAN_ALL_SOURCE_FILES_FOR_INCLUDES = YES;
				SDKROOT = macosx;
			};
			name = Release;
		};
		AE24AA6E2AD77C890059D43A /* Debug */ = {
			isa = XCBuildConfiguration;
			buildSettings = {
				CODE_SIGN_STYLE = Manual;
				DEAD_CODE_STRIPPING = YES;
				DEVELOPMENT_TEAM = "";
				FUSE_BUILD_SCRIPT_PHASES = NO;
				PRODUCT_NAME = "$(TARGET_NAME)";
				PROVISIONING_PROFILE_SPECIFIER = "";
			};
			name = Debug;
		};
		AE24AA6F2AD77C890059D43A /* Release */ = {
			isa = XCBuildConfiguration;
			buildSettings = {
				CODE_SIGN_STYLE = Manual;
				DEAD_CODE_STRIPPING = YES;
				DEVELOPMENT_TEAM = "";
				FUSE_BUILD_SCRIPT_PHASES = NO;
				PRODUCT_NAME = "$(TARGET_NAME)";
				PROVISIONING_PROFILE_SPECIFIER = "";
			};
			name = Release;
		};
/* End XCBuildConfiguration section */

/* Begin XCConfigurationList section */
		AE24AA612AD77C890059D43A /* Build configuration list for PBXProject "CommanderChris" */ = {
			isa = XCConfigurationList;
			buildConfigurations = (
				AE24AA6B2AD77C890059D43A /* Debug */,
				AE24AA6C2AD77C890059D43A /* Release */,
			);
			defaultConfigurationIsVisible = 0;
			defaultConfigurationName = Release;
		};
		AE24AA6D2AD77C890059D43A /* Build configuration list for PBXNativeTarget "CommanderChris" */ = {
			isa = XCConfigurationList;
			buildConfigurations = (
				AE24AA6E2AD77C890059D43A /* Debug */,
				AE24AA6F2AD77C890059D43A /* Release */,
			);
			defaultConfigurationIsVisible = 0;
			defaultConfigurationName = Release;
		};
/* End XCConfigurationList section */
	};
	rootObject = AE24AA5E2AD77C890059D43A /* Project object */;
}
